
Microsoft Visual Studio Solution File, Format Version 12.00
# Visual Studio Version 17
VisualStudioVersion = 17.4.33205.214
MinimumVisualStudioVersion = 10.0.40219.1
Project("{8BC9CEB8-8B4A-11D0-8D11-00A0C91BC942}") = "plugin_animal", "src\plugin_animal\plugin_animal.vcxproj", "{B43B8531-32BF-4987-B589-06379D33C30B}"
EndProject
Project("{8BC9CEB8-8B4A-11D0-8D11-00A0C91BC942}") = "plugin_easyquery", "src\plugin_easyquery\plugin_easyquery.vcxproj", "{97836D5B-C7BA-4AA6-9819-3E28EEA60FD8}"
EndProject
Project("{8BC9CEB8-8B4A-11D0-8D11-00A0C91BC942}") = "plugin_onlinemap", "src\plugin_onlinemap\plugin_onlinemap.vcxproj", "{D1D2F30B-DD1E-446E-B09A-546F9FC2C633}"
EndProject
Project("{8BC9CEB8-8B4A-11D0-8D11-00A0C91BC942}") = "plugin_swipewtool", "src\plugin_swipetool\plugin_swipewtool.vcxproj", "{5708E979-CF54-45DE-95FC-7320E094BA4D}"
EndProject
Global
	GlobalSection(SolutionConfigurationPlatforms) = preSolution
		DebugRel|x64 = DebugRel|x64
		Release|x64 = Release|x64
	EndGlobalSection
	GlobalSection(ProjectConfigurationPlatforms) = postSolution
		{B43B8531-32BF-4987-B589-06379D33C30B}.DebugRel|x64.ActiveCfg = DebugRel|x64
		{B43B8531-32BF-4987-B589-06379D33C30B}.DebugRel|x64.Build.0 = DebugRel|x64
		{B43B8531-32BF-4987-B589-06379D33C30B}.Release|x64.ActiveCfg = Release|x64
		{B43B8531-32BF-4987-B589-06379D33C30B}.Release|x64.Build.0 = Release|x64
		{97836D5B-C7BA-4AA6-9819-3E28EEA60FD8}.DebugRel|x64.ActiveCfg = DebugRel|x64
		{97836D5B-C7BA-4AA6-9819-3E28EEA60FD8}.DebugRel|x64.Build.0 = DebugRel|x64
		{97836D5B-C7BA-4AA6-9819-3E28EEA60FD8}.Release|x64.ActiveCfg = Release|x64
		{97836D5B-C7BA-4AA6-9819-3E28EEA60FD8}.Release|x64.Build.0 = Release|x64
		{D1D2F30B-DD1E-446E-B09A-546F9FC2C633}.DebugRel|x64.ActiveCfg = DebugRel|x64
		{D1D2F30B-DD1E-446E-B09A-546F9FC2C633}.DebugRel|x64.Build.0 = DebugRel|x64
		{D1D2F30B-DD1E-446E-B09A-546F9FC2C633}.Release|x64.ActiveCfg = Release|x64
		{D1D2F30B-DD1E-446E-B09A-546F9FC2C633}.Release|x64.Build.0 = Release|x64
		{5708E979-CF54-45DE-95FC-7320E094BA4D}.DebugRel|x64.ActiveCfg = DebugRel|x64
		{5708E979-CF54-45DE-95FC-7320E094BA4D}.DebugRel|x64.Build.0 = DebugRel|x64
		{5708E979-CF54-45DE-95FC-7320E094BA4D}.Release|x64.ActiveCfg = Release|x64
		{5708E979-CF54-45DE-95FC-7320E094BA4D}.Release|x64.Build.0 = Release|x64
	EndGlobalSection
	GlobalSection(SolutionProperties) = preSolution
		HideSolutionNode = FALSE
	EndGlobalSection
	GlobalSection(ExtensibilityGlobals) = postSolution
		SolutionGuid = {C19360EA-7897-4B3B-90F5-3F04FBF4FAF7}
	EndGlobalSection
EndGlobal
