<?xml version="1.0" encoding="utf-8"?>
<Project ToolsVersion="4.0" xmlns="http://schemas.microsoft.com/developer/msbuild/2003">
  <ItemGroup>
    <QtRcc Include="resources\plugin_images.qrc" />
  </ItemGroup>
  <ItemGroup>
    <Filter Include="base">
      <UniqueIdentifier>{29e26a43-04c2-4040-afd1-67f7a0ba4487}</UniqueIdentifier>
    </Filter>
    <Filter Include="plugin">
      <UniqueIdentifier>{d9469dee-317a-49f0-b5e2-4ddfb5215dc7}</UniqueIdentifier>
    </Filter>
    <Filter Include="ui">
      <UniqueIdentifier>{30777e7b-1be2-4061-b8d3-122f8bee05b2}</UniqueIdentifier>
    </Filter>
    <Filter Include="ui\sampling">
      <UniqueIdentifier>{3c2919fd-93d1-47e9-8673-39505abfd36c}</UniqueIdentifier>
    </Filter>
    <Filter Include="utils">
      <UniqueIdentifier>{e6f76e65-ff63-470e-abe4-2661a4f54b75}</UniqueIdentifier>
    </Filter>
    <Filter Include="ui\eval">
      <UniqueIdentifier>{60e0326d-8879-4c0c-8911-47c6984683fe}</UniqueIdentifier>
    </Filter>
    <Filter Include="ui\buffer">
      <UniqueIdentifier>{9ac93786-0b42-4c7e-9759-5a74e9693c1b}</UniqueIdentifier>
    </Filter>
    <Filter Include="ui\nalist">
      <UniqueIdentifier>{bf0d8129-5ad0-4452-ad3e-40eb94ef7c0a}</UniqueIdentifier>
    </Filter>
    <Filter Include="ui\nalist\fauna">
      <UniqueIdentifier>{7d202964-ed3c-4d38-a1c7-a2c01b98d6b1}</UniqueIdentifier>
    </Filter>
    <Filter Include="ui\nalist\flora">
      <UniqueIdentifier>{dd1c58d8-4650-48a6-bec5-60839e7b0860}</UniqueIdentifier>
    </Filter>
  </ItemGroup>
  <ItemGroup>
    <ClCompile Include="src\base\QgsBaseActionFilter.cpp">
      <Filter>base</Filter>
    </ClCompile>
    <ClCompile Include="src\base\qgsribbonpluginuibase.cpp">
      <Filter>base</Filter>
    </ClCompile>
    <ClCompile Include="src\plugin_exports.cpp" />
    <ClCompile Include="src\qgs_plugin_imp.cpp">
      <Filter>plugin</Filter>
    </ClCompile>
    <ClCompile Include="src\ui\qgsAnimalPluginManager.cpp">
      <Filter>ui</Filter>
    </ClCompile>
    <ClCompile Include="src\ui\sampling\qgsAnimalSamplGridAction.cpp">
      <Filter>ui\sampling</Filter>
    </ClCompile>
    <ClCompile Include="src\ui\sampling\qgsSamplingParamDialog.cpp">
      <Filter>ui\sampling</Filter>
    </ClCompile>
    <ClCompile Include="src\utils\qgsGeoUtils.cpp">
      <Filter>utils</Filter>
    </ClCompile>
    <ClCompile Include="src\utils\qgsGridUtil.cpp">
      <Filter>utils</Filter>
    </ClCompile>
    <ClCompile Include="src\ui\eval\qgsSamplingEvalAction.cpp">
      <Filter>ui\eval</Filter>
    </ClCompile>
    <ClCompile Include="src\ui\buffer\qgsBufferingAction.cpp">
      <Filter>ui\buffer</Filter>
    </ClCompile>
    <ClCompile Include="src\ui\buffer\qgsBufferingDialog.cpp">
      <Filter>ui\buffer</Filter>
    </ClCompile>
    <ClCompile Include="src\ui\nalist\fauna\qgsFaunaListAction.cpp">
      <Filter>ui\nalist\fauna</Filter>
    </ClCompile>
    <ClCompile Include="src\ui\nalist\fauna\qgsFaunaListDialog.cpp">
      <Filter>ui\nalist\fauna</Filter>
    </ClCompile>
    <ClCompile Include="..\base\qgsTreeItem.cpp">
      <Filter>base</Filter>
    </ClCompile>
    <ClCompile Include="..\base\qgsTreeModel.cpp">
      <Filter>base</Filter>
    </ClCompile>
  </ItemGroup>
  <ItemGroup>
    <QtMoc Include="src\base\QgsBaseActionFilter.h">
      <Filter>base</Filter>
    </QtMoc>
    <QtMoc Include="src\base\qgsribbonpluginuibase.h">
      <Filter>base</Filter>
    </QtMoc>
    <QtMoc Include="src\qgs_plugin_imp.h">
      <Filter>plugin</Filter>
    </QtMoc>
    <QtMoc Include="src\ui\sampling\qgsAnimalSamplGridAction.h">
      <Filter>ui\sampling</Filter>
    </QtMoc>
    <QtMoc Include="src\ui\sampling\qgsSamplingParamDialog.h">
      <Filter>ui\sampling</Filter>
    </QtMoc>
    <QtMoc Include="src\utils\qgsGeoUtils.h">
      <Filter>utils</Filter>
    </QtMoc>
    <QtMoc Include="src\ui\eval\qgsSamplingEvalAction.h">
      <Filter>ui\eval</Filter>
    </QtMoc>
    <QtMoc Include="src\ui\buffer\qgsBufferingAction.h">
      <Filter>ui\buffer</Filter>
    </QtMoc>
    <QtMoc Include="src\ui\buffer\qgsBufferingDialog.h">
      <Filter>ui\buffer</Filter>
    </QtMoc>
    <QtMoc Include="src\ui\nalist\fauna\qgsFaunaListAction.h">
      <Filter>ui\nalist\fauna</Filter>
    </QtMoc>
    <QtMoc Include="..\base\qgsTreeModel.h">
      <Filter>base</Filter>
    </QtMoc>
  </ItemGroup>
  <ItemGroup>
    <ClInclude Include="src\ui\qgsAnimalPluginManager.h">
      <Filter>ui</Filter>
    </ClInclude>
    <ClInclude Include="src\utils\qgsGridUtil.h">
      <Filter>utils</Filter>
    </ClInclude>
    <ClInclude Include="src\ui\nalist\fauna\qgsFaunaListDialog.h">
      <Filter>ui\nalist\fauna</Filter>
    </ClInclude>
    <ClInclude Include="..\base\qgsTreeItem.h">
      <Filter>base</Filter>
    </ClInclude>
  </ItemGroup>
  <ItemGroup>
    <QtUic Include="src\ui\sampling\qgsSamplingParamDialog.ui">
      <Filter>ui\sampling</Filter>
    </QtUic>
    <QtUic Include="src\ui\buffer\qgsBufferingDialogBase.ui">
      <Filter>ui\buffer</Filter>
    </QtUic>
    <QtUic Include="src\ui\nalist\fauna\qgsFaunaListDialogBase.ui">
      <Filter>ui\nalist\fauna</Filter>
    </QtUic>
  </ItemGroup>
</Project>