<?xml version="1.0" encoding="utf-8"?>
<Project ToolsVersion="4.0" xmlns="http://schemas.microsoft.com/developer/msbuild/2003">
  <ItemGroup>
    <QtRcc Include="resources\plugin_images.qrc" />
  </ItemGroup>
  <ItemGroup>
    <Filter Include="base">
      <UniqueIdentifier>{29e26a43-04c2-4040-afd1-67f7a0ba4487}</UniqueIdentifier>
    </Filter>
    <Filter Include="plugin">
      <UniqueIdentifier>{d9469dee-317a-49f0-b5e2-4ddfb5215dc7}</UniqueIdentifier>
    </Filter>
    <Filter Include="ui">
      <UniqueIdentifier>{30777e7b-1be2-4061-b8d3-122f8bee05b2}</UniqueIdentifier>
    </Filter>
    <Filter Include="layer">
      <UniqueIdentifier>{80188589-7937-4c8f-980f-a362a3f2eec3}</UniqueIdentifier>
    </Filter>
    <Filter Include="layer\tilelayer">
      <UniqueIdentifier>{e1df17d6-876c-4d69-984c-146b4b3f77be}</UniqueIdentifier>
    </Filter>
    <Filter Include="utils">
      <UniqueIdentifier>{e6f76e65-ff63-470e-abe4-2661a4f54b75}</UniqueIdentifier>
    </Filter>
    <Filter Include="layer\tdt">
      <UniqueIdentifier>{3b6e7515-1ded-4c4f-9d5b-65cc13f5d51f}</UniqueIdentifier>
    </Filter>
    <Filter Include="layer\tilelayer\tiledb">
      <UniqueIdentifier>{ab275b52-6c1b-4466-ad75-a75b11d4548e}</UniqueIdentifier>
    </Filter>
    <Filter Include="layer\tilelayer\tileprovider">
      <UniqueIdentifier>{fef6dfa5-31b2-4110-8472-ceb91ae7804e}</UniqueIdentifier>
    </Filter>
    <Filter Include="layer\tilelayer\schema">
      <UniqueIdentifier>{e0af5888-819d-4663-bcb0-be79b1bae8f8}</UniqueIdentifier>
    </Filter>
    <Filter Include="layer\tilelayer\thread">
      <UniqueIdentifier>{0c23d228-054c-4c0e-ad08-4e4e0a765b46}</UniqueIdentifier>
    </Filter>
    <Filter Include="layer\tilelayer\web">
      <UniqueIdentifier>{083dd8bd-b202-48c8-96fe-d9701c91ddea}</UniqueIdentifier>
    </Filter>
  </ItemGroup>
  <ItemGroup>
    <ClCompile Include="src\base\QgsBaseActionFilter.cpp">
      <Filter>base</Filter>
    </ClCompile>
    <ClCompile Include="src\base\qgsribbonpluginuibase.cpp">
      <Filter>base</Filter>
    </ClCompile>
    <ClCompile Include="src\plugin_exports.cpp" />
    <ClCompile Include="src\qgs_plugin_imp.cpp">
      <Filter>plugin</Filter>
    </ClCompile>
    <ClCompile Include="src\layer\qgsLayerContextMenu.cpp">
      <Filter>layer</Filter>
    </ClCompile>
    <ClCompile Include="src\ui\qgsPluginUIManager.cpp">
      <Filter>ui</Filter>
    </ClCompile>
    <ClCompile Include="src\utils\qgsGeoUtils.cpp">
      <Filter>utils</Filter>
    </ClCompile>
    <ClCompile Include="src\utils\qgsGridUtil.cpp">
      <Filter>utils</Filter>
    </ClCompile>
    <ClCompile Include="src\layer\tdt\qgsAddTDTLayerAction.cpp">
      <Filter>layer\tdt</Filter>
    </ClCompile>
    <ClCompile Include="src\layer\tdt\qgsTiledLayerBaseAction.cpp">
      <Filter>layer\tdt</Filter>
    </ClCompile>
    <ClCompile Include="src\layer\tilelayer\qgsCustomizedTileLayer.cpp">
      <Filter>layer\tilelayer</Filter>
    </ClCompile>
    <ClCompile Include="src\layer\tilelayer\tiledb\qtiledb.cpp">
      <Filter>layer\tilelayer\tiledb</Filter>
    </ClCompile>
    <ClCompile Include="src\layer\tilelayer\tileprovider\qtiledbprivate.cpp">
      <Filter>layer\tilelayer\tileprovider</Filter>
    </ClCompile>
    <ClCompile Include="src\layer\tilelayer\tileprovider\qTileProvider.cpp">
      <Filter>layer\tilelayer\tileprovider</Filter>
    </ClCompile>
    <ClCompile Include="src\layer\tilelayer\tileprovider\qtileproviderutils.cpp">
      <Filter>layer\tilelayer\tileprovider</Filter>
    </ClCompile>
    <ClCompile Include="src\layer\tilelayer\qtileutils.cpp">
      <Filter>layer\tilelayer</Filter>
    </ClCompile>
    <ClCompile Include="src\layer\tilelayer\thread\qtilemultithread.cpp">
      <Filter>layer\tilelayer\thread</Filter>
    </ClCompile>
    <ClCompile Include="src\layer\tilelayer\web\qhttprequest.cpp">
      <Filter>layer\tilelayer\web</Filter>
    </ClCompile>
  </ItemGroup>
  <ItemGroup>
    <QtMoc Include="src\base\QgsBaseActionFilter.h">
      <Filter>base</Filter>
    </QtMoc>
    <QtMoc Include="src\base\qgsribbonpluginuibase.h">
      <Filter>base</Filter>
    </QtMoc>
    <QtMoc Include="src\qgs_plugin_imp.h">
      <Filter>plugin</Filter>
    </QtMoc>
    <QtMoc Include="src\utils\qgsGeoUtils.h">
      <Filter>utils</Filter>
    </QtMoc>
    <QtMoc Include="src\layer\tdt\qgsAddTDTLayerAction.h">
      <Filter>layer\tdt</Filter>
    </QtMoc>
    <QtMoc Include="src\layer\tdt\qgsTiledLayerBaseAction.h">
      <Filter>layer\tdt</Filter>
    </QtMoc>
    <QtMoc Include="src\layer\tilelayer\qgsCustomizedTileLayer.h">
      <Filter>layer\tilelayer</Filter>
    </QtMoc>
    <QtMoc Include="src\layer\tilelayer\tiledb\qtiledb.h">
      <Filter>layer\tilelayer\tiledb</Filter>
    </QtMoc>
    <QtMoc Include="src\layer\tilelayer\tileprovider\qtiledbprivate.h">
      <Filter>layer\tilelayer\tileprovider</Filter>
    </QtMoc>
    <QtMoc Include="src\layer\tilelayer\tileprovider\qTileProvider.h">
      <Filter>layer\tilelayer\tileprovider</Filter>
    </QtMoc>
    <QtMoc Include="src\layer\tilelayer\tileprovider\qtileproviderutils.h">
      <Filter>layer\tilelayer\tileprovider</Filter>
    </QtMoc>
    <QtMoc Include="src\layer\tilelayer\thread\qtilemultithread.h">
      <Filter>layer\tilelayer\thread</Filter>
    </QtMoc>
    <QtMoc Include="src\layer\tilelayer\web\qhttprequest.h">
      <Filter>layer\tilelayer\web</Filter>
    </QtMoc>
  </ItemGroup>
  <ItemGroup>
    <ClInclude Include="src\layer\qgsLayerContextMenu.h">
      <Filter>layer</Filter>
    </ClInclude>
    <ClInclude Include="src\ui\qgsPluginUIManager.h">
      <Filter>ui</Filter>
    </ClInclude>
    <ClInclude Include="src\utils\qgsGridUtil.h">
      <Filter>utils</Filter>
    </ClInclude>
    <ClInclude Include="src\layer\tilelayer\qTiledLayerDef.h">
      <Filter>layer\tilelayer</Filter>
    </ClInclude>
    <ClInclude Include="src\layer\tilelayer\qtileinfo.h">
      <Filter>layer\tilelayer</Filter>
    </ClInclude>
    <ClInclude Include="src\layer\tilelayer\qtileutils.h">
      <Filter>layer\tilelayer</Filter>
    </ClInclude>
    <ClInclude Include="src\layer\tilelayer\schema\MercatorDefine.h">
      <Filter>layer\tilelayer\schema</Filter>
    </ClInclude>
    <ClInclude Include="src\layer\tilelayer\common.h">
      <Filter>layer\tilelayer</Filter>
    </ClInclude>
    <ClInclude Include="src\layer\tilelayer\xfileio.h">
      <Filter>layer\tilelayer</Filter>
    </ClInclude>
  </ItemGroup>
</Project>